
Microsoft Visual Studio Solution File, Format Version 12.00
# Visual Studio Version 17
VisualStudioVersion = 17.6.33417.168
MinimumVisualStudioVersion = 10.0.40219.1
Project("{FAE04EC0-301F-11D3-BF4B-00C04F79EFBC}") = "CashOverflow.Ddemo", "CashOverflow.Ddemo\CashOverflow.Ddemo.csproj", "{231AC821-53CE-495F-BDDC-C2379AA2199F}"
EndProject
Global
	GlobalSection(SolutionConfigurationPlatforms) = preSolution
		Debug|Any CPU = Debug|Any CPU
		Release|Any CPU = Release|Any CPU
	EndGlobalSection
	GlobalSection(ProjectConfigurationPlatforms) = postSolution
		{231AC821-53CE-495F-BDDC-C2379AA2199F}.Debug|Any CPU.ActiveCfg = Debug|Any CPU
		{231AC821-53CE-495F-BDDC-C2379AA2199F}.Debug|Any CPU.Build.0 = Debug|Any CPU
		{231AC821-53CE-495F-BDDC-C2379AA2199F}.Release|Any CPU.ActiveCfg = Release|Any CPU
		{231AC821-53CE-495F-BDDC-C2379AA2199F}.Release|Any CPU.Build.0 = Release|Any CPU
	EndGlobalSection
	GlobalSection(SolutionProperties) = preSolution
		HideSolutionNode = FALSE
	EndGlobalSection
	GlobalSection(ExtensibilityGlobals) = postSolution
		SolutionGuid = {E533CAFA-EEF3-42CC-A203-CDFB911166FA}
	EndGlobalSection
EndGlobal
