
Microsoft Visual Studio Solution File, Format Version 12.00
# Visual Studio Version 17
VisualStudioVersion = 17.6.33417.168
MinimumVisualStudioVersion = 10.0.40219.1
Project("{9A19103F-16F7-4668-BE54-9A1E7A4F7556}") = "CashOverflow.Ddemo", "CashOverflow.Ddemo\CashOverflow.Ddemo.csproj", "{231AC821-53CE-495F-BDDC-C2379AA2199F}"
EndProject
Project("{9A19103F-16F7-4668-BE54-9A1E7A4F7556}") = "CashOverflow.Infrastructure.Build", "CashOverflow.Infrastructure.Build\CashOverflow.Infrastructure.Build.csproj", "{F93E4655-FF07-4A88-88EE-2D94FF4F4FFE}"
EndProject
Project("{FAE04EC0-301F-11D3-BF4B-00C04F79EFBC}") = "CashOverflow.Tests.Unit", "CashOverflow.Tests.Unit\CashOverflow.Tests.Unit.csproj", "{AB2A46E6-8891-417C-B68B-CCBD23B83800}"
EndProject
Global
	GlobalSection(SolutionConfigurationPlatforms) = preSolution
		Debug|Any CPU = Debug|Any CPU
		Release|Any CPU = Release|Any CPU
	EndGlobalSection
	GlobalSection(ProjectConfigurationPlatforms) = postSolution
		{231AC821-53CE-495F-BDDC-C2379AA2199F}.Debug|Any CPU.ActiveCfg = Debug|Any CPU
		{231AC821-53CE-495F-BDDC-C2379AA2199F}.Debug|Any CPU.Build.0 = Debug|Any CPU
		{231AC821-53CE-495F-BDDC-C2379AA2199F}.Release|Any CPU.ActiveCfg = Release|Any CPU
		{231AC821-53CE-495F-BDDC-C2379AA2199F}.Release|Any CPU.Build.0 = Release|Any CPU
		{F93E4655-FF07-4A88-88EE-2D94FF4F4FFE}.Debug|Any CPU.ActiveCfg = Debug|Any CPU
		{F93E4655-FF07-4A88-88EE-2D94FF4F4FFE}.Debug|Any CPU.Build.0 = Debug|Any CPU
		{F93E4655-FF07-4A88-88EE-2D94FF4F4FFE}.Release|Any CPU.ActiveCfg = Release|Any CPU
		{F93E4655-FF07-4A88-88EE-2D94FF4F4FFE}.Release|Any CPU.Build.0 = Release|Any CPU
		{AB2A46E6-8891-417C-B68B-CCBD23B83800}.Debug|Any CPU.ActiveCfg = Debug|Any CPU
		{AB2A46E6-8891-417C-B68B-CCBD23B83800}.Debug|Any CPU.Build.0 = Debug|Any CPU
		{AB2A46E6-8891-417C-B68B-CCBD23B83800}.Release|Any CPU.ActiveCfg = Release|Any CPU
		{AB2A46E6-8891-417C-B68B-CCBD23B83800}.Release|Any CPU.Build.0 = Release|Any CPU
	EndGlobalSection
	GlobalSection(SolutionProperties) = preSolution
		HideSolutionNode = FALSE
	EndGlobalSection
	GlobalSection(ExtensibilityGlobals) = postSolution
		SolutionGuid = {E533CAFA-EEF3-42CC-A203-CDFB911166FA}
	EndGlobalSection
EndGlobal
